
Microsoft Visual Studio Solution File, Format Version 12.00
# Visual Studio 2013
VisualStudioVersion = 12.0.21005.1
MinimumVisualStudioVersion = 10.0.40219.1
Project("{FAE04EC0-301F-11D3-BF4B-00C04F79EFBC}") = "CXH.DAL", "CXH.DAl\CXH.DAL.csproj", "{146FDB17-0383-4DC0-9EB4-76D7BCAA4C9E}"
EndProject
Project("{FAE04EC0-301F-11D3-BF4B-00C04F79EFBC}") = "CXH.Model", "CXH.Model\CXH.Model.csproj", "{86921724-50DB-4C59-814D-AC004BD9D3F5}"
EndProject
Project("{FAE04EC0-301F-11D3-BF4B-00C04F79EFBC}") = "CXH.BLL", "CXH.BLL\CXH.BLL.csproj", "{0DF25710-D4E6-46C1-B9F1-4F976265EFB3}"
EndProject
Project("{FAE04EC0-301F-11D3-BF4B-00C04F79EFBC}") = "CXH.Web", "CXH.Web\CXH.Web.csproj", "{0D9AEA7A-3C22-4267-9D81-C32A1766B6C7}"
EndProject
Global
	GlobalSection(SolutionConfigurationPlatforms) = preSolution
		Debug|Any CPU = Debug|Any CPU
		Release|Any CPU = Release|Any CPU
	EndGlobalSection
	GlobalSection(ProjectConfigurationPlatforms) = postSolution
		{146FDB17-0383-4DC0-9EB4-76D7BCAA4C9E}.Debug|Any CPU.ActiveCfg = Debug|Any CPU
		{146FDB17-0383-4DC0-9EB4-76D7BCAA4C9E}.Debug|Any CPU.Build.0 = Debug|Any CPU
		{146FDB17-0383-4DC0-9EB4-76D7BCAA4C9E}.Release|Any CPU.ActiveCfg = Release|Any CPU
		{146FDB17-0383-4DC0-9EB4-76D7BCAA4C9E}.Release|Any CPU.Build.0 = Release|Any CPU
		{86921724-50DB-4C59-814D-AC004BD9D3F5}.Debug|Any CPU.ActiveCfg = Debug|Any CPU
		{86921724-50DB-4C59-814D-AC004BD9D3F5}.Debug|Any CPU.Build.0 = Debug|Any CPU
		{86921724-50DB-4C59-814D-AC004BD9D3F5}.Release|Any CPU.ActiveCfg = Release|Any CPU
		{86921724-50DB-4C59-814D-AC004BD9D3F5}.Release|Any CPU.Build.0 = Release|Any CPU
		{0DF25710-D4E6-46C1-B9F1-4F976265EFB3}.Debug|Any CPU.ActiveCfg = Debug|Any CPU
		{0DF25710-D4E6-46C1-B9F1-4F976265EFB3}.Debug|Any CPU.Build.0 = Debug|Any CPU
		{0DF25710-D4E6-46C1-B9F1-4F976265EFB3}.Release|Any CPU.ActiveCfg = Release|Any CPU
		{0DF25710-D4E6-46C1-B9F1-4F976265EFB3}.Release|Any CPU.Build.0 = Release|Any CPU
		{0D9AEA7A-3C22-4267-9D81-C32A1766B6C7}.Debug|Any CPU.ActiveCfg = Debug|Any CPU
		{0D9AEA7A-3C22-4267-9D81-C32A1766B6C7}.Debug|Any CPU.Build.0 = Debug|Any CPU
		{0D9AEA7A-3C22-4267-9D81-C32A1766B6C7}.Release|Any CPU.ActiveCfg = Release|Any CPU
		{0D9AEA7A-3C22-4267-9D81-C32A1766B6C7}.Release|Any CPU.Build.0 = Release|Any CPU
	EndGlobalSection
	GlobalSection(SolutionProperties) = preSolution
		HideSolutionNode = FALSE
	EndGlobalSection
EndGlobal
